
Microsoft Visual Studio Solution File, Format Version 12.00
# Visual Studio 15
VisualStudioVersion = 15.0.27004.2009
MinimumVisualStudioVersion = 10.0.40219.1
Project("{2150E333-8FDC-42A3-9474-1A3956D46DE8}") = "src", "src", "{14D5547D-98F5-41AC-A9FA-44A58C9873D3}"
EndProject
Project("{2150E333-8FDC-42A3-9474-1A3956D46DE8}") = "Apis", "Apis", "{34B3671A-73B0-44CE-A940-7151B1CF7BC8}"
EndProject
Project("{2150E333-8FDC-42A3-9474-1A3956D46DE8}") = "Basket", "Basket", "{1001AB56-8AF1-4FB6-AD83-F050BBC84435}"
EndProject
Project("{2150E333-8FDC-42A3-9474-1A3956D46DE8}") = "Identity", "Identity", "{47D2E5D0-5345-4057-BC60-BD8BC1EAAFF4}"
EndProject
Project("{9A19103F-16F7-4668-BE54-9A1E7A4F7556}") = "Identity.Api", "src\Apis\Identity\Identity.Api\Identity.Api.csproj", "{5959CE12-B036-495F-ABA1-E1A02FFC0D17}"
EndProject
Project("{9A19103F-16F7-4668-BE54-9A1E7A4F7556}") = "Basket.Api", "src\Apis\Basket\Basket.Api\Basket.Api.csproj", "{237B0CF0-E2A2-4446-8BA5-4E2CAF1A3C2C}"
EndProject
Project("{2150E333-8FDC-42A3-9474-1A3956D46DE8}") = "test", "test", "{0E5B48D3-FA16-4653-815D-C0E2D68BD0A9}"
EndProject
Project("{2150E333-8FDC-42A3-9474-1A3956D46DE8}") = "Apis", "Apis", "{A57AF5B3-F1D1-4D10-A153-8E8737F75D7D}"
EndProject
Project("{2150E333-8FDC-42A3-9474-1A3956D46DE8}") = "Basket", "Basket", "{D1AA49C0-A7CB-42DC-9274-2E20CE72111F}"
EndProject
Project("{9A19103F-16F7-4668-BE54-9A1E7A4F7556}") = "Basket.Api.UnitTest", "test\Apis\Basket\Basket.Api.UnitTest\Basket.Api.UnitTest.csproj", "{53D57BEE-1C78-470A-A332-780E0E5C1350}"
EndProject
Project("{9A19103F-16F7-4668-BE54-9A1E7A4F7556}") = "Basket.Data", "src\Apis\Basket\Basket.Data\Basket.Data.csproj", "{161221D6-90DD-41A7-B60A-2CFBDF0EE504}"
EndProject
Project("{9A19103F-16F7-4668-BE54-9A1E7A4F7556}") = "Identity.Data", "src\Apis\Identity\Identity.Data\Identity.Data.csproj", "{3ED7710F-EA22-461F-B5B4-D472A0CA1EBA}"
EndProject
Project("{2150E333-8FDC-42A3-9474-1A3956D46DE8}") = "Shared", "Shared", "{6EA8A918-E74E-4AE3-A7EC-2A4C22CFFA79}"
EndProject
Project("{9A19103F-16F7-4668-BE54-9A1E7A4F7556}") = "Checkout.Common", "src\Shared\Checkout.Common\Checkout.Common.csproj", "{21375BEE-F747-46EA-A2C4-ADF1EBBD4BB1}"
EndProject
Project("{2150E333-8FDC-42A3-9474-1A3956D46DE8}") = "Catalog", "Catalog", "{EDAE5C01-ECCE-4179-9CD2-4DF80DFEE4C7}"
EndProject
Project("{9A19103F-16F7-4668-BE54-9A1E7A4F7556}") = "Catalog.Api", "src\Apis\Catalog\Catalog.Api\Catalog.Api.csproj", "{7B52CD0E-9554-430E-B5D5-63AE6B053F89}"
EndProject
Project("{9A19103F-16F7-4668-BE54-9A1E7A4F7556}") = "Catalog.Data", "src\Apis\Catalog\Catalog.Data\Catalog.Data.csproj", "{A48F0880-6885-4688-B42C-B72A29134B77}"
EndProject
Global
	GlobalSection(SolutionConfigurationPlatforms) = preSolution
		Debug|Any CPU = Debug|Any CPU
		Release|Any CPU = Release|Any CPU
	EndGlobalSection
	GlobalSection(ProjectConfigurationPlatforms) = postSolution
		{5959CE12-B036-495F-ABA1-E1A02FFC0D17}.Debug|Any CPU.ActiveCfg = Debug|Any CPU
		{5959CE12-B036-495F-ABA1-E1A02FFC0D17}.Debug|Any CPU.Build.0 = Debug|Any CPU
		{5959CE12-B036-495F-ABA1-E1A02FFC0D17}.Release|Any CPU.ActiveCfg = Release|Any CPU
		{5959CE12-B036-495F-ABA1-E1A02FFC0D17}.Release|Any CPU.Build.0 = Release|Any CPU
		{237B0CF0-E2A2-4446-8BA5-4E2CAF1A3C2C}.Debug|Any CPU.ActiveCfg = Debug|Any CPU
		{237B0CF0-E2A2-4446-8BA5-4E2CAF1A3C2C}.Debug|Any CPU.Build.0 = Debug|Any CPU
		{237B0CF0-E2A2-4446-8BA5-4E2CAF1A3C2C}.Release|Any CPU.ActiveCfg = Release|Any CPU
		{237B0CF0-E2A2-4446-8BA5-4E2CAF1A3C2C}.Release|Any CPU.Build.0 = Release|Any CPU
		{53D57BEE-1C78-470A-A332-780E0E5C1350}.Debug|Any CPU.ActiveCfg = Debug|Any CPU
		{53D57BEE-1C78-470A-A332-780E0E5C1350}.Debug|Any CPU.Build.0 = Debug|Any CPU
		{53D57BEE-1C78-470A-A332-780E0E5C1350}.Release|Any CPU.ActiveCfg = Release|Any CPU
		{53D57BEE-1C78-470A-A332-780E0E5C1350}.Release|Any CPU.Build.0 = Release|Any CPU
		{161221D6-90DD-41A7-B60A-2CFBDF0EE504}.Debug|Any CPU.ActiveCfg = Debug|Any CPU
		{161221D6-90DD-41A7-B60A-2CFBDF0EE504}.Debug|Any CPU.Build.0 = Debug|Any CPU
		{161221D6-90DD-41A7-B60A-2CFBDF0EE504}.Release|Any CPU.ActiveCfg = Release|Any CPU
		{161221D6-90DD-41A7-B60A-2CFBDF0EE504}.Release|Any CPU.Build.0 = Release|Any CPU
		{3ED7710F-EA22-461F-B5B4-D472A0CA1EBA}.Debug|Any CPU.ActiveCfg = Debug|Any CPU
		{3ED7710F-EA22-461F-B5B4-D472A0CA1EBA}.Debug|Any CPU.Build.0 = Debug|Any CPU
		{3ED7710F-EA22-461F-B5B4-D472A0CA1EBA}.Release|Any CPU.ActiveCfg = Release|Any CPU
		{3ED7710F-EA22-461F-B5B4-D472A0CA1EBA}.Release|Any CPU.Build.0 = Release|Any CPU
		{21375BEE-F747-46EA-A2C4-ADF1EBBD4BB1}.Debug|Any CPU.ActiveCfg = Debug|Any CPU
		{21375BEE-F747-46EA-A2C4-ADF1EBBD4BB1}.Debug|Any CPU.Build.0 = Debug|Any CPU
		{21375BEE-F747-46EA-A2C4-ADF1EBBD4BB1}.Release|Any CPU.ActiveCfg = Release|Any CPU
		{21375BEE-F747-46EA-A2C4-ADF1EBBD4BB1}.Release|Any CPU.Build.0 = Release|Any CPU
		{7B52CD0E-9554-430E-B5D5-63AE6B053F89}.Debug|Any CPU.ActiveCfg = Debug|Any CPU
		{7B52CD0E-9554-430E-B5D5-63AE6B053F89}.Debug|Any CPU.Build.0 = Debug|Any CPU
		{7B52CD0E-9554-430E-B5D5-63AE6B053F89}.Release|Any CPU.ActiveCfg = Release|Any CPU
		{7B52CD0E-9554-430E-B5D5-63AE6B053F89}.Release|Any CPU.Build.0 = Release|Any CPU
		{A48F0880-6885-4688-B42C-B72A29134B77}.Debug|Any CPU.ActiveCfg = Debug|Any CPU
		{A48F0880-6885-4688-B42C-B72A29134B77}.Debug|Any CPU.Build.0 = Debug|Any CPU
		{A48F0880-6885-4688-B42C-B72A29134B77}.Release|Any CPU.ActiveCfg = Release|Any CPU
		{A48F0880-6885-4688-B42C-B72A29134B77}.Release|Any CPU.Build.0 = Release|Any CPU
	EndGlobalSection
	GlobalSection(SolutionProperties) = preSolution
		HideSolutionNode = FALSE
	EndGlobalSection
	GlobalSection(NestedProjects) = preSolution
		{34B3671A-73B0-44CE-A940-7151B1CF7BC8} = {14D5547D-98F5-41AC-A9FA-44A58C9873D3}
		{1001AB56-8AF1-4FB6-AD83-F050BBC84435} = {34B3671A-73B0-44CE-A940-7151B1CF7BC8}
		{47D2E5D0-5345-4057-BC60-BD8BC1EAAFF4} = {34B3671A-73B0-44CE-A940-7151B1CF7BC8}
		{5959CE12-B036-495F-ABA1-E1A02FFC0D17} = {47D2E5D0-5345-4057-BC60-BD8BC1EAAFF4}
		{237B0CF0-E2A2-4446-8BA5-4E2CAF1A3C2C} = {1001AB56-8AF1-4FB6-AD83-F050BBC84435}
		{A57AF5B3-F1D1-4D10-A153-8E8737F75D7D} = {0E5B48D3-FA16-4653-815D-C0E2D68BD0A9}
		{D1AA49C0-A7CB-42DC-9274-2E20CE72111F} = {A57AF5B3-F1D1-4D10-A153-8E8737F75D7D}
		{53D57BEE-1C78-470A-A332-780E0E5C1350} = {D1AA49C0-A7CB-42DC-9274-2E20CE72111F}
		{161221D6-90DD-41A7-B60A-2CFBDF0EE504} = {1001AB56-8AF1-4FB6-AD83-F050BBC84435}
		{3ED7710F-EA22-461F-B5B4-D472A0CA1EBA} = {47D2E5D0-5345-4057-BC60-BD8BC1EAAFF4}
		{6EA8A918-E74E-4AE3-A7EC-2A4C22CFFA79} = {14D5547D-98F5-41AC-A9FA-44A58C9873D3}
		{21375BEE-F747-46EA-A2C4-ADF1EBBD4BB1} = {6EA8A918-E74E-4AE3-A7EC-2A4C22CFFA79}
		{EDAE5C01-ECCE-4179-9CD2-4DF80DFEE4C7} = {34B3671A-73B0-44CE-A940-7151B1CF7BC8}
		{7B52CD0E-9554-430E-B5D5-63AE6B053F89} = {EDAE5C01-ECCE-4179-9CD2-4DF80DFEE4C7}
		{A48F0880-6885-4688-B42C-B72A29134B77} = {EDAE5C01-ECCE-4179-9CD2-4DF80DFEE4C7}
	EndGlobalSection
	GlobalSection(ExtensibilityGlobals) = postSolution
		SolutionGuid = {8BC4F0C4-F0D2-4E7B-B6D6-4D3B8F23F721}
	EndGlobalSection
EndGlobal
